[requirements]
requirements = [
    "kraken-build",
]
pythonpath = [
    "build-support",
]
interpreter_constraint = ">=3.10"

[pinned]
anyio = "4.4.0"
certifi = "2024.7.4"
databind = "4.5.2"
deprecated = "1.2.14"
dill = "0.3.8"
h11 = "0.14.0"
httpcore = "1.0.5"
httpx = "0.27.0"
idna = "3.8"
jaraco-classes = "3.4.0"
jaraco-context = "6.0.1"
jaraco-functools = "4.0.2"
keyring = "25.3.0"
kraken-build = "0.39.0"
loguru = "0.7.2"
more-itertools = "10.4.0"
networkx = "3.3"
nr-date = "2.1.0"
nr-stream = "1.1.5"
packaging = "23.2"
pex = "2.16.2"
sniffio = "1.3.1"
termcolor = "2.4.0"
tomli = "2.0.1"
tomli-w = "1.0.0"
tomlkit = "0.13.2"
typeapi = "2.2.3"
typing-extensions = "4.12.2"
wrapt = "1.16.0"
